
Microsoft Visual Studio Solution File, Format Version 12.00
# Visual Studio Version 17
VisualStudioVersion = 17.1.32328.378
MinimumVisualStudioVersion = 10.0.40219.1
Project("{2150E333-8FDC-42A3-9474-1A3956D46DE8}") = "BankingAccount", "BankingAccount", "{A34A5091-0C60-427D-A728-560762AF365E}"
EndProject
Project("{2150E333-8FDC-42A3-9474-1A3956D46DE8}") = "Microservices", "Microservices", "{DE25DFB8-1CE2-4C47-B0E0-C9222C45F1CC}"
EndProject
Project("{2150E333-8FDC-42A3-9474-1A3956D46DE8}") = "CQRS", "CQRS", "{D606DEB2-C5B7-468C-A958-77201C896026}"
EndProject
Project("{2150E333-8FDC-42A3-9474-1A3956D46DE8}") = "Command", "Command", "{D53732DC-5661-4016-8AE9-9E36BD191784}"
EndProject
Project("{2150E333-8FDC-42A3-9474-1A3956D46DE8}") = "Query", "Query", "{05CC0222-6126-4E29-AD9F-E18E477909A9}"
EndProject
Project("{9A19103F-16F7-4668-BE54-9A1E7A4F7556}") = "Banking.Cqrs.Core", "Banking.Cqrs.Core\Banking.Cqrs.Core.csproj", "{B87AF009-17E2-40FD-B768-AA2BA39D5052}"
EndProject
Project("{2150E333-8FDC-42A3-9474-1A3956D46DE8}") = "Api", "Api", "{A2FD3A94-2CC6-40B2-A6B2-96C6D603800A}"
EndProject
Project("{2150E333-8FDC-42A3-9474-1A3956D46DE8}") = "Application", "Application", "{12CADB8E-3F39-4E0A-8836-03EAAD3C1340}"
EndProject
Project("{2150E333-8FDC-42A3-9474-1A3956D46DE8}") = "Domain", "Domain", "{25176DAF-F2A9-4B42-8A4A-B6F373E3B15F}"
EndProject
Project("{2150E333-8FDC-42A3-9474-1A3956D46DE8}") = "Infrastructure", "Infrastructure", "{1D7031BB-2A22-4298-A5D2-B596D04EDD90}"
EndProject
Project("{9A19103F-16F7-4668-BE54-9A1E7A4F7556}") = "Banking.Account.Command.Domain", "Banking.Account.Command.Domain\Banking.Account.Command.Domain.csproj", "{977A360D-4A4B-466D-97B1-5D8B9C4FABBB}"
EndProject
Project("{9A19103F-16F7-4668-BE54-9A1E7A4F7556}") = "Banking.Account.Command.Application", "Banking.Account.Command.Application\Banking.Account.Command.Application.csproj", "{64577805-3093-45C9-B067-95D4AEFD3D16}"
EndProject
Project("{9A19103F-16F7-4668-BE54-9A1E7A4F7556}") = "Banking.Account.Command.Infrastructure", "Banking.Account.Command.Infrastructure\Banking.Account.Command.Infrastructure.csproj", "{2F376A3F-BBA8-4D5C-95F3-E9B49D8F723D}"
EndProject
Project("{9A19103F-16F7-4668-BE54-9A1E7A4F7556}") = "Banking.Account.Command.Api", "Banking.Account.Command.Api\Banking.Account.Command.Api.csproj", "{86FAEB8B-44F9-4CFF-9A7A-1334396408C8}"
EndProject
Project("{2150E333-8FDC-42A3-9474-1A3956D46DE8}") = "Api", "Api", "{10C90B52-1F72-4E29-A4FB-5DC41A167C46}"
EndProject
Project("{2150E333-8FDC-42A3-9474-1A3956D46DE8}") = "Application", "Application", "{43BF25F3-1705-4B42-9E86-E6492BC80FE9}"
EndProject
Project("{2150E333-8FDC-42A3-9474-1A3956D46DE8}") = "Domain", "Domain", "{8D7C2662-0E7E-4DE2-824C-FFB608EF3511}"
EndProject
Project("{2150E333-8FDC-42A3-9474-1A3956D46DE8}") = "Infrastructure", "Infrastructure", "{33314C48-7D52-45A0-ABAE-4B7A5BDC359E}"
EndProject
Project("{2150E333-8FDC-42A3-9474-1A3956D46DE8}") = "Consumer", "Consumer", "{13B068E5-138C-4CEA-9F7C-BCE1BD74F165}"
EndProject
Project("{9A19103F-16F7-4668-BE54-9A1E7A4F7556}") = "Banking.Account.Query.Domain", "Banking.Account.Query.Domain\Banking.Account.Query.Domain.csproj", "{A427D081-80C6-48A7-B5BC-83B6228F8CE0}"
EndProject
Project("{9A19103F-16F7-4668-BE54-9A1E7A4F7556}") = "Banking.Account.Query.Application", "Banking.Account.Query.Application\Banking.Account.Query.Application.csproj", "{D7DC8C5A-C42A-4221-AB42-86B2A2ABD557}"
EndProject
Project("{9A19103F-16F7-4668-BE54-9A1E7A4F7556}") = "Banking.Account.Query.Infrastructure", "Banking.Account.Query.Infrastructure\Banking.Account.Query.Infrastructure.csproj", "{ACDAB1B5-AD4F-465C-8AD9-EAED7AD3B254}"
EndProject
Project("{FAE04EC0-301F-11D3-BF4B-00C04F79EFBC}") = "Bank.Account.Query.Api", "Bank.Account.Query.Api\Bank.Account.Query.Api.csproj", "{CC82B666-90DC-4A48-ADAC-2DE69405B37B}"
EndProject
Project("{FAE04EC0-301F-11D3-BF4B-00C04F79EFBC}") = "Banking.Account.Query.Consumer", "Banking.Account.Query.Consumer\Banking.Account.Query.Consumer.csproj", "{B35AD01D-9647-4F64-B7B1-93061E626C82}"
EndProject
Global
	GlobalSection(SolutionConfigurationPlatforms) = preSolution
		Debug|Any CPU = Debug|Any CPU
		Release|Any CPU = Release|Any CPU
	EndGlobalSection
	GlobalSection(ProjectConfigurationPlatforms) = postSolution
		{B87AF009-17E2-40FD-B768-AA2BA39D5052}.Debug|Any CPU.ActiveCfg = Debug|Any CPU
		{B87AF009-17E2-40FD-B768-AA2BA39D5052}.Debug|Any CPU.Build.0 = Debug|Any CPU
		{B87AF009-17E2-40FD-B768-AA2BA39D5052}.Release|Any CPU.ActiveCfg = Release|Any CPU
		{B87AF009-17E2-40FD-B768-AA2BA39D5052}.Release|Any CPU.Build.0 = Release|Any CPU
		{977A360D-4A4B-466D-97B1-5D8B9C4FABBB}.Debug|Any CPU.ActiveCfg = Debug|Any CPU
		{977A360D-4A4B-466D-97B1-5D8B9C4FABBB}.Debug|Any CPU.Build.0 = Debug|Any CPU
		{977A360D-4A4B-466D-97B1-5D8B9C4FABBB}.Release|Any CPU.ActiveCfg = Release|Any CPU
		{977A360D-4A4B-466D-97B1-5D8B9C4FABBB}.Release|Any CPU.Build.0 = Release|Any CPU
		{64577805-3093-45C9-B067-95D4AEFD3D16}.Debug|Any CPU.ActiveCfg = Debug|Any CPU
		{64577805-3093-45C9-B067-95D4AEFD3D16}.Debug|Any CPU.Build.0 = Debug|Any CPU
		{64577805-3093-45C9-B067-95D4AEFD3D16}.Release|Any CPU.ActiveCfg = Release|Any CPU
		{64577805-3093-45C9-B067-95D4AEFD3D16}.Release|Any CPU.Build.0 = Release|Any CPU
		{2F376A3F-BBA8-4D5C-95F3-E9B49D8F723D}.Debug|Any CPU.ActiveCfg = Debug|Any CPU
		{2F376A3F-BBA8-4D5C-95F3-E9B49D8F723D}.Debug|Any CPU.Build.0 = Debug|Any CPU
		{2F376A3F-BBA8-4D5C-95F3-E9B49D8F723D}.Release|Any CPU.ActiveCfg = Release|Any CPU
		{2F376A3F-BBA8-4D5C-95F3-E9B49D8F723D}.Release|Any CPU.Build.0 = Release|Any CPU
		{86FAEB8B-44F9-4CFF-9A7A-1334396408C8}.Debug|Any CPU.ActiveCfg = Debug|Any CPU
		{86FAEB8B-44F9-4CFF-9A7A-1334396408C8}.Debug|Any CPU.Build.0 = Debug|Any CPU
		{86FAEB8B-44F9-4CFF-9A7A-1334396408C8}.Release|Any CPU.ActiveCfg = Release|Any CPU
		{86FAEB8B-44F9-4CFF-9A7A-1334396408C8}.Release|Any CPU.Build.0 = Release|Any CPU
		{A427D081-80C6-48A7-B5BC-83B6228F8CE0}.Debug|Any CPU.ActiveCfg = Debug|Any CPU
		{A427D081-80C6-48A7-B5BC-83B6228F8CE0}.Debug|Any CPU.Build.0 = Debug|Any CPU
		{A427D081-80C6-48A7-B5BC-83B6228F8CE0}.Release|Any CPU.ActiveCfg = Release|Any CPU
		{A427D081-80C6-48A7-B5BC-83B6228F8CE0}.Release|Any CPU.Build.0 = Release|Any CPU
		{D7DC8C5A-C42A-4221-AB42-86B2A2ABD557}.Debug|Any CPU.ActiveCfg = Debug|Any CPU
		{D7DC8C5A-C42A-4221-AB42-86B2A2ABD557}.Debug|Any CPU.Build.0 = Debug|Any CPU
		{D7DC8C5A-C42A-4221-AB42-86B2A2ABD557}.Release|Any CPU.ActiveCfg = Release|Any CPU
		{D7DC8C5A-C42A-4221-AB42-86B2A2ABD557}.Release|Any CPU.Build.0 = Release|Any CPU
		{ACDAB1B5-AD4F-465C-8AD9-EAED7AD3B254}.Debug|Any CPU.ActiveCfg = Debug|Any CPU
		{ACDAB1B5-AD4F-465C-8AD9-EAED7AD3B254}.Debug|Any CPU.Build.0 = Debug|Any CPU
		{ACDAB1B5-AD4F-465C-8AD9-EAED7AD3B254}.Release|Any CPU.ActiveCfg = Release|Any CPU
		{ACDAB1B5-AD4F-465C-8AD9-EAED7AD3B254}.Release|Any CPU.Build.0 = Release|Any CPU
		{CC82B666-90DC-4A48-ADAC-2DE69405B37B}.Debug|Any CPU.ActiveCfg = Debug|Any CPU
		{CC82B666-90DC-4A48-ADAC-2DE69405B37B}.Debug|Any CPU.Build.0 = Debug|Any CPU
		{CC82B666-90DC-4A48-ADAC-2DE69405B37B}.Release|Any CPU.ActiveCfg = Release|Any CPU
		{CC82B666-90DC-4A48-ADAC-2DE69405B37B}.Release|Any CPU.Build.0 = Release|Any CPU
		{B35AD01D-9647-4F64-B7B1-93061E626C82}.Debug|Any CPU.ActiveCfg = Debug|Any CPU
		{B35AD01D-9647-4F64-B7B1-93061E626C82}.Debug|Any CPU.Build.0 = Debug|Any CPU
		{B35AD01D-9647-4F64-B7B1-93061E626C82}.Release|Any CPU.ActiveCfg = Release|Any CPU
		{B35AD01D-9647-4F64-B7B1-93061E626C82}.Release|Any CPU.Build.0 = Release|Any CPU
	EndGlobalSection
	GlobalSection(SolutionProperties) = preSolution
		HideSolutionNode = FALSE
	EndGlobalSection
	GlobalSection(NestedProjects) = preSolution
		{DE25DFB8-1CE2-4C47-B0E0-C9222C45F1CC} = {A34A5091-0C60-427D-A728-560762AF365E}
		{D53732DC-5661-4016-8AE9-9E36BD191784} = {DE25DFB8-1CE2-4C47-B0E0-C9222C45F1CC}
		{05CC0222-6126-4E29-AD9F-E18E477909A9} = {DE25DFB8-1CE2-4C47-B0E0-C9222C45F1CC}
		{B87AF009-17E2-40FD-B768-AA2BA39D5052} = {D606DEB2-C5B7-468C-A958-77201C896026}
		{A2FD3A94-2CC6-40B2-A6B2-96C6D603800A} = {D53732DC-5661-4016-8AE9-9E36BD191784}
		{12CADB8E-3F39-4E0A-8836-03EAAD3C1340} = {D53732DC-5661-4016-8AE9-9E36BD191784}
		{25176DAF-F2A9-4B42-8A4A-B6F373E3B15F} = {D53732DC-5661-4016-8AE9-9E36BD191784}
		{1D7031BB-2A22-4298-A5D2-B596D04EDD90} = {D53732DC-5661-4016-8AE9-9E36BD191784}
		{977A360D-4A4B-466D-97B1-5D8B9C4FABBB} = {25176DAF-F2A9-4B42-8A4A-B6F373E3B15F}
		{64577805-3093-45C9-B067-95D4AEFD3D16} = {12CADB8E-3F39-4E0A-8836-03EAAD3C1340}
		{2F376A3F-BBA8-4D5C-95F3-E9B49D8F723D} = {1D7031BB-2A22-4298-A5D2-B596D04EDD90}
		{86FAEB8B-44F9-4CFF-9A7A-1334396408C8} = {A2FD3A94-2CC6-40B2-A6B2-96C6D603800A}
		{10C90B52-1F72-4E29-A4FB-5DC41A167C46} = {05CC0222-6126-4E29-AD9F-E18E477909A9}
		{43BF25F3-1705-4B42-9E86-E6492BC80FE9} = {05CC0222-6126-4E29-AD9F-E18E477909A9}
		{8D7C2662-0E7E-4DE2-824C-FFB608EF3511} = {05CC0222-6126-4E29-AD9F-E18E477909A9}
		{33314C48-7D52-45A0-ABAE-4B7A5BDC359E} = {05CC0222-6126-4E29-AD9F-E18E477909A9}
		{13B068E5-138C-4CEA-9F7C-BCE1BD74F165} = {05CC0222-6126-4E29-AD9F-E18E477909A9}
		{A427D081-80C6-48A7-B5BC-83B6228F8CE0} = {8D7C2662-0E7E-4DE2-824C-FFB608EF3511}
		{D7DC8C5A-C42A-4221-AB42-86B2A2ABD557} = {43BF25F3-1705-4B42-9E86-E6492BC80FE9}
		{ACDAB1B5-AD4F-465C-8AD9-EAED7AD3B254} = {33314C48-7D52-45A0-ABAE-4B7A5BDC359E}
		{CC82B666-90DC-4A48-ADAC-2DE69405B37B} = {10C90B52-1F72-4E29-A4FB-5DC41A167C46}
		{B35AD01D-9647-4F64-B7B1-93061E626C82} = {13B068E5-138C-4CEA-9F7C-BCE1BD74F165}
	EndGlobalSection
	GlobalSection(ExtensibilityGlobals) = postSolution
		SolutionGuid = {B91AFCF0-57EA-4043-96D3-F2DF627896B9}
	EndGlobalSection
EndGlobal
